
Microsoft Visual Studio Solution File, Format Version 12.00
# Visual Studio Version 16
VisualStudioVersion = 16.0.29521.150
MinimumVisualStudioVersion = 10.0.40219.1
Project("{9A19103F-16F7-4668-BE54-9A1E7A4F7556}") = "mywyamblog", "mywyamblog.csproj", "{5F2CBC2A-AF4F-4CAC-B01C-38F63C19FFFF}"
EndProject
Global
	GlobalSection(SolutionConfigurationPlatforms) = preSolution
		Debug|Any CPU = Debug|Any CPU
		Release|Any CPU = Release|Any CPU
	EndGlobalSection
	GlobalSection(ProjectConfigurationPlatforms) = postSolution
		{5F2CBC2A-AF4F-4CAC-B01C-38F63C19FFFF}.Debug|Any CPU.ActiveCfg = Debug|Any CPU
		{5F2CBC2A-AF4F-4CAC-B01C-38F63C19FFFF}.Debug|Any CPU.Build.0 = Debug|Any CPU
		{5F2CBC2A-AF4F-4CAC-B01C-38F63C19FFFF}.Release|Any CPU.ActiveCfg = Release|Any CPU
		{5F2CBC2A-AF4F-4CAC-B01C-38F63C19FFFF}.Release|Any CPU.Build.0 = Release|Any CPU
	EndGlobalSection
	GlobalSection(SolutionProperties) = preSolution
		HideSolutionNode = FALSE
	EndGlobalSection
	GlobalSection(ExtensibilityGlobals) = postSolution
		SolutionGuid = {D8BA7633-5CE1-4ADD-883F-73A704A72BF1}
	EndGlobalSection
EndGlobal
