
Microsoft Visual Studio Solution File, Format Version 12.00
# Visual Studio Version 17
VisualStudioVersion = 17.7.33711.374
MinimumVisualStudioVersion = 10.0.40219.1
Project("{9A19103F-16F7-4668-BE54-9A1E7A4F7556}") = "mywyamblog", "src\blog\mywyamblog.csproj", "{F433B799-1203-4FF1-AEC2-365262BA9CF2}"
EndProject
Project("{2150E333-8FDC-42A3-9474-1A3956D46DE8}") = "Solution Items", "Solution Items", "{ABBE98CA-A96B-45EF-BD08-8842B2724A1D}"
	ProjectSection(SolutionItems) = preProject
		.gitattributes = .gitattributes
		.gitignore = .gitignore
		.gitmodules = .gitmodules
		Directory.Build.props = Directory.Build.props
		GitVersion.yml = GitVersion.yml
		README.md = README.md
	EndProjectSection
EndProject
Project("{2150E333-8FDC-42A3-9474-1A3956D46DE8}") = "src", "src", "{B23EA858-DCF5-4CA0-A4E3-6B1CB01FEBCA}"
EndProject
Global
	GlobalSection(SolutionConfigurationPlatforms) = preSolution
		Debug|Any CPU = Debug|Any CPU
		Release|Any CPU = Release|Any CPU
	EndGlobalSection
	GlobalSection(ProjectConfigurationPlatforms) = postSolution
		{F433B799-1203-4FF1-AEC2-365262BA9CF2}.Debug|Any CPU.ActiveCfg = Debug|Any CPU
		{F433B799-1203-4FF1-AEC2-365262BA9CF2}.Debug|Any CPU.Build.0 = Debug|Any CPU
		{F433B799-1203-4FF1-AEC2-365262BA9CF2}.Release|Any CPU.ActiveCfg = Release|Any CPU
		{F433B799-1203-4FF1-AEC2-365262BA9CF2}.Release|Any CPU.Build.0 = Release|Any CPU
	EndGlobalSection
	GlobalSection(SolutionProperties) = preSolution
		HideSolutionNode = FALSE
	EndGlobalSection
	GlobalSection(NestedProjects) = preSolution
		{F433B799-1203-4FF1-AEC2-365262BA9CF2} = {B23EA858-DCF5-4CA0-A4E3-6B1CB01FEBCA}
	EndGlobalSection
	GlobalSection(ExtensibilityGlobals) = postSolution
		SolutionGuid = {58BB369B-BCF7-4B06-80C2-E9865C1E19D3}
	EndGlobalSection
EndGlobal
